
Microsoft Visual Studio Solution File, Format Version 12.00
# Visual Studio Version 17
VisualStudioVersion = 17.2.32630.192
MinimumVisualStudioVersion = 10.0.40219.1
Project("{FAE04EC0-301F-11D3-BF4B-00C04F79EFBC}") = "ex_marche", "ex_marche\ex_marche.csproj", "{B68536BE-953A-4F2D-9A1A-BD125B54585D}"
EndProject
Global
	GlobalSection(SolutionConfigurationPlatforms) = preSolution
		Debug|Any CPU = Debug|Any CPU
		Release|Any CPU = Release|Any CPU
	EndGlobalSection
	GlobalSection(ProjectConfigurationPlatforms) = postSolution
		{B68536BE-953A-4F2D-9A1A-BD125B54585D}.Debug|Any CPU.ActiveCfg = Debug|Any CPU
		{B68536BE-953A-4F2D-9A1A-BD125B54585D}.Debug|Any CPU.Build.0 = Debug|Any CPU
		{B68536BE-953A-4F2D-9A1A-BD125B54585D}.Release|Any CPU.ActiveCfg = Release|Any CPU
		{B68536BE-953A-4F2D-9A1A-BD125B54585D}.Release|Any CPU.Build.0 = Release|Any CPU
	EndGlobalSection
	GlobalSection(SolutionProperties) = preSolution
		HideSolutionNode = FALSE
	EndGlobalSection
	GlobalSection(ExtensibilityGlobals) = postSolution
		SolutionGuid = {35D3EC9B-4DF6-4FA2-B5E9-F273013046AB}
	EndGlobalSection
EndGlobal
