
Microsoft Visual Studio Solution File, Format Version 12.00
# Visual Studio Version 17
VisualStudioVersion = 17.14.36414.22 d17.14
MinimumVisualStudioVersion = 10.0.40219.1
Project("{FAE04EC0-301F-11D3-BF4B-00C04F79EFBC}") = "diffit", "diffit\diffit.csproj", "{2ADE7993-024B-4960-972D-BDD543C03EBF}"
EndProject
Global
	GlobalSection(SolutionConfigurationPlatforms) = preSolution
		Debug|Any CPU = Debug|Any CPU
		Release|Any CPU = Release|Any CPU
	EndGlobalSection
	GlobalSection(ProjectConfigurationPlatforms) = postSolution
		{2ADE7993-024B-4960-972D-BDD543C03EBF}.Debug|Any CPU.ActiveCfg = Debug|Any CPU
		{2ADE7993-024B-4960-972D-BDD543C03EBF}.Debug|Any CPU.Build.0 = Debug|Any CPU
		{2ADE7993-024B-4960-972D-BDD543C03EBF}.Release|Any CPU.ActiveCfg = Release|Any CPU
		{2ADE7993-024B-4960-972D-BDD543C03EBF}.Release|Any CPU.Build.0 = Release|Any CPU
	EndGlobalSection
	GlobalSection(SolutionProperties) = preSolution
		HideSolutionNode = FALSE
	EndGlobalSection
	GlobalSection(ExtensibilityGlobals) = postSolution
		SolutionGuid = {933A54E0-51E1-402A-8A51-5EFB1A047B60}
	EndGlobalSection
EndGlobal
